{
    "_readme": [
        "This file locks the dependencies of your project to a known state",
        "Read more about it at https://getcomposer.org/doc/01-basic-usage.md#composer-lock-the-lock-file",
        "This file is @generated automatically"
    ],
    "hash": "f9f55206f25982c91bbc5d07977575c5",
    "content-hash": "b2bb21c579459402e5aa2f563182eec2",
    "packages": [
        {
            "name": "cococollective/cococore",
            "version": "dev-7.x-0.x",
            "source": {
                "type": "git",
                "url": "https://github.com/cococollective/cococore.git",
                "reference": "e5bac9bf3389c4970011b128734c9cebdd73fff0"
            },
            "dist": {
                "type": "zip",
                "url": "https://api.github.com/repos/cococollective/cococore/zipball/e5bac9bf3389c4970011b128734c9cebdd73fff0",
                "reference": "e5bac9bf3389c4970011b128734c9cebdd73fff0",
                "shasum": ""
            },
            "require": {
                "drupal/betterlogin": "7.*",
                "drupal/navbar": "7.*"
            },
            "type": "drupal-profile",
            "extra": {
                "branch-alias": {
                    "dev-7.x-0.x": "7.0.x-dev"
                }
            },
            "license": [
                "GPL-2.0+"
            ],
            "authors": [
                {
                    "name": "Sierk Beij",
                    "email": "sierk@cococollective.org"
                }
            ],
            "description": "CocoCore install profile for Drupal.",
            "support": {
                "source": "https://github.com/cococollective/cococore/tree/7.x-0.x",
                "issues": "https://github.com/cococollective/cococore/issues"
            },
            "time": "2016-01-29 08:06:22"
        },
        {
            "name": "composer/installers",
            "version": "v1.0.23",
            "source": {
                "type": "git",
                "url": "https://github.com/composer/installers.git",
                "reference": "6213d900e92647831f7a406d5c530ea1f3d4360e"
            },
            "dist": {
                "type": "zip",
                "url": "https://api.github.com/repos/composer/installers/zipball/6213d900e92647831f7a406d5c530ea1f3d4360e",
                "reference": "6213d900e92647831f7a406d5c530ea1f3d4360e",
                "shasum": ""
            },
            "require": {
                "composer-plugin-api": "^1.0"
            },
            "replace": {
                "roundcube/plugin-installer": "*",
                "shama/baton": "*"
            },
            "require-dev": {
                "composer/composer": "1.0.*@dev",
                "phpunit/phpunit": "4.1.*"
            },
            "type": "composer-plugin",
            "extra": {
                "class": "Composer\\Installers\\Plugin",
                "branch-alias": {
                    "dev-master": "1.0-dev"
                }
            },
            "autoload": {
                "psr-0": {
                    "Composer\\Installers\\": "src/"
                }
            },
            "notification-url": "https://packagist.org/downloads/",
            "license": [
                "MIT"
            ],
            "authors": [
                {
                    "name": "Kyle Robinson Young",
                    "email": "kyle@dontkry.com",
                    "homepage": "https://github.com/shama"
                }
            ],
            "description": "A multi-framework Composer library installer",
            "homepage": "http://composer.github.com/installers/",
            "keywords": [
                "Craft",
                "Dolibarr",
                "Hurad",
                "MODX Evo",
                "OXID",
                "SMF",
                "Thelia",
                "WolfCMS",
                "agl",
                "aimeos",
                "annotatecms",
                "bitrix",
                "cakephp",
                "chef",
                "codeigniter",
                "concrete5",
                "croogo",
                "dokuwiki",
                "drupal",
                "elgg",
                "fuelphp",
                "grav",
                "installer",
                "joomla",
                "kohana",
                "laravel",
                "lithium",
                "magento",
                "mako",
                "mediawiki",
                "modulework",
                "moodle",
                "phpbb",
                "piwik",
                "ppi",
                "puppet",
                "roundcube",
                "shopware",
                "silverstripe",
                "symfony",
                "typo3",
                "wordpress",
                "zend",
                "zikula"
            ],
            "time": "2016-01-27 12:54:22"
        },
        {
            "name": "derhasi/composer-preserve-paths",
            "version": "0.1.2",
            "source": {
                "type": "git",
                "url": "https://github.com/derhasi/composer-preserve-paths.git",
                "reference": "13309cebd530c3f5e9bfa238aa496076a644540b"
            },
            "dist": {
                "type": "zip",
                "url": "https://api.github.com/repos/derhasi/composer-preserve-paths/zipball/13309cebd530c3f5e9bfa238aa496076a644540b",
                "reference": "13309cebd530c3f5e9bfa238aa496076a644540b",
                "shasum": ""
            },
            "require": {
                "composer-plugin-api": "^1.0"
            },
            "require-dev": {
                "composer/composer": "1.0.*@dev",
                "derhasi/tempdirectory": "0.1.*",
                "phpunit/phpunit": "4.4.*"
            },
            "type": "composer-plugin",
            "extra": {
                "class": "derhasi\\Composer\\Plugin"
            },
            "autoload": {
                "psr-4": {
                    "derhasi\\Composer\\": "src/"
                }
            },
            "notification-url": "https://packagist.org/downloads/",
            "license": [
                "GPL-2.0+"
            ],
            "authors": [
                {
                    "name": "Johannes Haseitl",
                    "email": "johannes@undpaul.de",
                    "homepage": "http://www.undpaul.de"
                }
            ],
            "description": "Composer plugin for preserving custom paths and supporting nested packages",
            "homepage": "https://github.com/derhasi/composer-preserve-paths",
            "keywords": [
                "composer-plugin",
                "custom path",
                "installer",
                "nested package"
            ],
            "time": "2015-06-17 18:21:27"
        },
        {
            "name": "drupal/betterlogin",
            "version": "7.1.4",
            "source": {
                "type": "git",
                "url": "https://git.drupal.org/project/betterlogin",
                "reference": "9e38b538aed134333640025ff1ea5df37f104054"
            },
            "dist": {
                "type": "zip",
                "url": "https://ftp.drupal.org/files/projects/betterlogin-7.x-1.4.zip",
                "reference": null,
                "shasum": null
            },
            "require": {
                "drupal/drupal": "7.*"
            },
            "type": "drupal-module",
            "extra": {
                "branch-alias": {
                    "dev-7.x-1.x": "7.1.x-dev"
                }
            },
            "notification-url": "http://packagist.drupal-composer.org/downloads/",
            "description": "Make the login screens better :)",
            "homepage": "https://www.drupal.org/project/betterlogin"
        },
        {
            "name": "drupal/drupal",
            "version": "7.41.0",
            "source": {
                "type": "git",
                "url": "https://git.drupal.org/project/drupal",
                "reference": "69af622114261c1c13cf3c9b5ccc418cd036594b"
            },
            "dist": {
                "type": "zip",
                "url": "https://ftp.drupal.org/files/projects/drupal-7.41.zip",
                "reference": null,
                "shasum": null
            },
            "replace": {
                "drupal/aggregator": "self.version",
                "drupal/bartik": "self.version",
                "drupal/block": "self.version",
                "drupal/blog": "self.version",
                "drupal/book": "self.version",
                "drupal/color": "self.version",
                "drupal/comment": "self.version",
                "drupal/contact": "self.version",
                "drupal/contextual": "self.version",
                "drupal/dashboard": "self.version",
                "drupal/dblog": "self.version",
                "drupal/field": "self.version",
                "drupal/field_sql_storage": "self.version",
                "drupal/field_ui": "self.version",
                "drupal/file": "self.version",
                "drupal/filter": "self.version",
                "drupal/forum": "self.version",
                "drupal/garland": "self.version",
                "drupal/help": "self.version",
                "drupal/image": "self.version",
                "drupal/list": "self.version",
                "drupal/locale": "self.version",
                "drupal/menu": "self.version",
                "drupal/minimal": "self.version",
                "drupal/node": "self.version",
                "drupal/number": "self.version",
                "drupal/openid": "self.version",
                "drupal/options": "self.version",
                "drupal/overlay": "self.version",
                "drupal/path": "self.version",
                "drupal/php": "self.version",
                "drupal/poll": "self.version",
                "drupal/profile": "self.version",
                "drupal/rdf": "self.version",
                "drupal/search": "self.version",
                "drupal/seven": "self.version",
                "drupal/shortcut": "self.version",
                "drupal/standard": "self.version",
                "drupal/stark": "self.version",
                "drupal/statistics": "self.version",
                "drupal/syslog": "self.version",
                "drupal/system": "self.version",
                "drupal/taxonomy": "self.version",
                "drupal/text": "self.version",
                "drupal/toolbar": "self.version",
                "drupal/tracker": "self.version",
                "drupal/translation": "self.version",
                "drupal/trigger": "self.version",
                "drupal/update": "self.version",
                "drupal/user": "self.version"
            },
            "suggest": {
                "drupal/block": "Required by drupal/dashboard, drupal/minimal, drupal/standard",
                "drupal/color": "Required by drupal/standard",
                "drupal/comment": "Required by drupal/forum, drupal/tracker, drupal/standard",
                "drupal/contextual": "Required by drupal/standard",
                "drupal/dashboard": "Required by drupal/standard",
                "drupal/dblog": "Required by drupal/minimal, drupal/standard",
                "drupal/field": "Required by drupal/field_sql_storage, drupal/list, drupal/number, drupal/options, drupal/text, drupal/field_ui, drupal/file",
                "drupal/field_sql_storage": "Required by drupal/field",
                "drupal/field_ui": "Required by drupal/standard",
                "drupal/file": "Required by drupal/image, drupal/standard",
                "drupal/help": "Required by drupal/standard",
                "drupal/image": "Required by drupal/standard",
                "drupal/list": "Required by drupal/standard",
                "drupal/locale": "Required by drupal/translation",
                "drupal/menu": "Required by drupal/standard",
                "drupal/number": "Required by drupal/standard",
                "drupal/options": "Required by drupal/list, drupal/taxonomy, drupal/standard",
                "drupal/overlay": "Required by drupal/standard",
                "drupal/path": "Required by drupal/standard",
                "drupal/rdf": "Required by drupal/standard",
                "drupal/search": "Required by drupal/standard",
                "drupal/shortcut": "Required by drupal/standard",
                "drupal/taxonomy": "Required by drupal/forum, drupal/standard",
                "drupal/text": "Required by drupal/comment",
                "drupal/toolbar": "Required by drupal/standard"
            },
            "type": "drupal-core",
            "extra": {
                "branch-alias": {
                    "dev-7.x-": "7.x-dev"
                }
            },
            "notification-url": "http://packagist.drupal-composer.org/downloads/",
            "description": "Handles general site configuration for administrators.",
            "homepage": "https://www.drupal.org/project/drupal"
        },
        {
            "name": "drupal/libraries",
            "version": "7.2.2",
            "source": {
                "type": "git",
                "url": "https://git.drupal.org/project/libraries",
                "reference": "744cd04d1c78a08d10b511f67904f0839baf94ec"
            },
            "dist": {
                "type": "zip",
                "url": "https://ftp.drupal.org/files/projects/libraries-7.x-2.2.zip",
                "reference": null,
                "shasum": null
            },
            "require": {
                "drupal/drupal": "7.*",
                "drupal/system": ">=7.11.0"
            },
            "type": "drupal-module",
            "extra": {
                "branch-alias": {
                    "dev-7.x-2.x": "7.2.x-dev"
                }
            },
            "notification-url": "http://packagist.drupal-composer.org/downloads/",
            "description": "Allows version-dependent and shared usage of external libraries.",
            "homepage": "https://www.drupal.org/project/libraries"
        },
        {
            "name": "drupal/navbar",
            "version": "7.1.7",
            "source": {
                "type": "git",
                "url": "https://git.drupal.org/project/navbar",
                "reference": "090a522df5a5005689976e5f61011fad5b16dcd5"
            },
            "dist": {
                "type": "zip",
                "url": "https://ftp.drupal.org/files/projects/navbar-7.x-1.7.zip",
                "reference": null,
                "shasum": null
            },
            "require": {
                "drupal/drupal": "7.*",
                "drupal/libraries": ">=7.2.0"
            },
            "type": "drupal-module",
            "extra": {
                "branch-alias": {
                    "dev-7.x-1.x": "7.1.x-dev"
                }
            },
            "notification-url": "http://packagist.drupal-composer.org/downloads/",
            "description": "A very simple mobile friendly navigation toolbar that lets you switch between frontend and backend.",
            "homepage": "https://www.drupal.org/project/navbar"
        }
    ],
    "packages-dev": [],
    "aliases": [],
    "minimum-stability": "dev",
    "stability-flags": [],
    "prefer-stable": true,
    "prefer-lowest": false,
    "platform": [],
    "platform-dev": []
}
